
Microsoft Visual Studio Solution File, Format Version 12.00
# Visual Studio Version 17
VisualStudioVersion = 17.1.32228.430
MinimumVisualStudioVersion = 10.0.40219.1
Project("{9A19103F-16F7-4668-BE54-9A1E7A4F7556}") = "CompanyEmployees", "CompanyEmployees\CompanyEmployees.csproj", "{71FB2EBB-1E42-4CBA-8C92-1EB22CE83905}"
EndProject
Project("{FAE04EC0-301F-11D3-BF4B-00C04F79EFBC}") = "Contracts", "Contracts\Contracts.csproj", "{63F9B4E1-CCB0-4AB6-8A85-7F5F69B73D17}"
EndProject
Project("{FAE04EC0-301F-11D3-BF4B-00C04F79EFBC}") = "LoggerService", "LoggerService\LoggerService.csproj", "{4999DA94-6C89-423B-98A6-3767A928DD32}"
EndProject
Global
	GlobalSection(SolutionConfigurationPlatforms) = preSolution
		Debug|Any CPU = Debug|Any CPU
		Release|Any CPU = Release|Any CPU
	EndGlobalSection
	GlobalSection(ProjectConfigurationPlatforms) = postSolution
		{71FB2EBB-1E42-4CBA-8C92-1EB22CE83905}.Debug|Any CPU.ActiveCfg = Debug|Any CPU
		{71FB2EBB-1E42-4CBA-8C92-1EB22CE83905}.Debug|Any CPU.Build.0 = Debug|Any CPU
		{71FB2EBB-1E42-4CBA-8C92-1EB22CE83905}.Release|Any CPU.ActiveCfg = Release|Any CPU
		{71FB2EBB-1E42-4CBA-8C92-1EB22CE83905}.Release|Any CPU.Build.0 = Release|Any CPU
		{63F9B4E1-CCB0-4AB6-8A85-7F5F69B73D17}.Debug|Any CPU.ActiveCfg = Debug|Any CPU
		{63F9B4E1-CCB0-4AB6-8A85-7F5F69B73D17}.Debug|Any CPU.Build.0 = Debug|Any CPU
		{63F9B4E1-CCB0-4AB6-8A85-7F5F69B73D17}.Release|Any CPU.ActiveCfg = Release|Any CPU
		{63F9B4E1-CCB0-4AB6-8A85-7F5F69B73D17}.Release|Any CPU.Build.0 = Release|Any CPU
		{4999DA94-6C89-423B-98A6-3767A928DD32}.Debug|Any CPU.ActiveCfg = Debug|Any CPU
		{4999DA94-6C89-423B-98A6-3767A928DD32}.Debug|Any CPU.Build.0 = Debug|Any CPU
		{4999DA94-6C89-423B-98A6-3767A928DD32}.Release|Any CPU.ActiveCfg = Release|Any CPU
		{4999DA94-6C89-423B-98A6-3767A928DD32}.Release|Any CPU.Build.0 = Release|Any CPU
	EndGlobalSection
	GlobalSection(SolutionProperties) = preSolution
		HideSolutionNode = FALSE
	EndGlobalSection
	GlobalSection(ExtensibilityGlobals) = postSolution
		SolutionGuid = {FDB59897-4F54-4051-9812-8180AB1A3772}
	EndGlobalSection
EndGlobal
